// !$*UTF8*$!
{
	archiveVersion = 1;
	classes = {
	};
	objectVersion = 46;
	objects = {

/* Begin PBXBuildFile section */
		607FACEC1AFB9204008FA782 /* Tests.swift in Sources */ = {isa = PBXBuildFile; fileRef = 607FACEB1AFB9204008FA782 /* Tests.swift */; };
		82FDA2A7204E9C02005CCE23 /* WXScannerVC.m in Sources */ = {isa = PBXBuildFile; fileRef = 82FDA2A6204E9C02005CCE23 /* WXScannerVC.m */; };
		E588B70F2048EAAF00CFDE16 /* AppDelegate.m in Sources */ = {isa = PBXBuildFile; fileRef = E588B70E2048EAAF00CFDE16 /* AppDelegate.m */; };
		E588B7122048EAAF00CFDE16 /* ViewController.m in Sources */ = {isa = PBXBuildFile; fileRef = E588B7112048EAAF00CFDE16 /* ViewController.m */; };
		E588B7152048EAB000CFDE16 /* Main.storyboard in Resources */ = {isa = PBXBuildFile; fileRef = E588B7132048EAB000CFDE16 /* Main.storyboard */; };
		E588B7172048EAB000CFDE16 /* Assets.xcassets in Resources */ = {isa = PBXBuildFile; fileRef = E588B7162048EAB000CFDE16 /* Assets.xcassets */; };
		E588B71A2048EAB000CFDE16 /* LaunchScreen.storyboard in Resources */ = {isa = PBXBuildFile; fileRef = E588B7182048EAB000CFDE16 /* LaunchScreen.storyboard */; };
		E588B71D2048EAB000CFDE16 /* main.m in Sources */ = {isa = PBXBuildFile; fileRef = E588B71C2048EAB000CFDE16 /* main.m */; };
		ED0627A991E4E2941F94C09B /* libPods-YTXDTNWBWeexContainerBusinessModuleAppExample.a in Frameworks */ = {isa = PBXBuildFile; fileRef = 1BC5C4A19E6C6B5F5EA3ED46 /* libPods-YTXDTNWBWeexContainerBusinessModuleAppExample.a */; };
/* End PBXBuildFile section */

/* Begin PBXCopyFilesBuildPhase section */
		82EE1CD520514F33005DE251 /* CopyFiles */ = {
			isa = PBXCopyFilesBuildPhase;
			buildActionMask = 2147483647;
			dstPath = "";
			dstSubfolderSpec = 10;
			files = (
			);
			runOnlyForDeploymentPostprocessing = 0;
		};
/* End PBXCopyFilesBuildPhase section */

/* Begin PBXFileReference section */
		1BC5C4A19E6C6B5F5EA3ED46 /* libPods-YTXDTNWBWeexContainerBusinessModuleAppExample.a */ = {isa = PBXFileReference; explicitFileType = archive.ar; includeInIndex = 0; path = "libPods-YTXDTNWBWeexContainerBusinessModuleAppExample.a"; sourceTree = BUILT_PRODUCTS_DIR; };
		260654B920562AA400B1FBB3 /* YTXDTNWBWeexContainerBusinessModuleAppExample.entitlements */ = {isa = PBXFileReference; lastKnownFileType = text.plist.entitlements; path = YTXDTNWBWeexContainerBusinessModuleAppExample.entitlements; sourceTree = "<group>"; };
		3916A7F7FAB9F41B3354AF74 /* Pods-YTXDTNWBWeexContainerBusinessModule_Tests.release.xcconfig */ = {isa = PBXFileReference; includeInIndex = 1; lastKnownFileType = text.xcconfig; name = "Pods-YTXDTNWBWeexContainerBusinessModule_Tests.release.xcconfig"; path = "Pods/Target Support Files/Pods-YTXDTNWBWeexContainerBusinessModule_Tests/Pods-YTXDTNWBWeexContainerBusinessModule_Tests.release.xcconfig"; sourceTree = "<group>"; };
		57235813A0EB489BC5662E2E /* LICENSE */ = {isa = PBXFileReference; includeInIndex = 1; lastKnownFileType = text; name = LICENSE; path = ../LICENSE; sourceTree = "<group>"; };
		603CB915D3040525976EBCB1 /* libPods-YTXDTNWBWeexContainerBusinessModule_Example.a */ = {isa = PBXFileReference; explicitFileType = archive.ar; includeInIndex = 0; path = "libPods-YTXDTNWBWeexContainerBusinessModule_Example.a"; sourceTree = BUILT_PRODUCTS_DIR; };
		607FACE51AFB9204008FA782 /* YTXDTNWBWeexContainerBusinessModule_Tests.xctest */ = {isa = PBXFileReference; explicitFileType = wrapper.cfbundle; includeInIndex = 0; path = YTXDTNWBWeexContainerBusinessModule_Tests.xctest; sourceTree = BUILT_PRODUCTS_DIR; };
		607FACEA1AFB9204008FA782 /* Info.plist */ = {isa = PBXFileReference; lastKnownFileType = text.plist.xml; path = Info.plist; sourceTree = "<group>"; };
		607FACEB1AFB9204008FA782 /* Tests.swift */ = {isa = PBXFileReference; lastKnownFileType = sourcecode.swift; path = Tests.swift; sourceTree = "<group>"; };
		783AAA722E1B222288B64BEF /* libPods-YTXDTNWBWeexContainerBusinessModule_Tests.a */ = {isa = PBXFileReference; explicitFileType = archive.ar; includeInIndex = 0; path = "libPods-YTXDTNWBWeexContainerBusinessModule_Tests.a"; sourceTree = BUILT_PRODUCTS_DIR; };
		803F5B8AED2E7C6A13E6E70D /* Pods-YTXDTNWBWeexContainerBusinessModule_Example.debug.xcconfig */ = {isa = PBXFileReference; includeInIndex = 1; lastKnownFileType = text.xcconfig; name = "Pods-YTXDTNWBWeexContainerBusinessModule_Example.debug.xcconfig"; path = "Pods/Target Support Files/Pods-YTXDTNWBWeexContainerBusinessModule_Example/Pods-YTXDTNWBWeexContainerBusinessModule_Example.debug.xcconfig"; sourceTree = "<group>"; };
		82FDA2A5204E9C01005CCE23 /* WXScannerVC.h */ = {isa = PBXFileReference; fileEncoding = 4; lastKnownFileType = sourcecode.c.h; path = WXScannerVC.h; sourceTree = "<group>"; };
		82FDA2A6204E9C02005CCE23 /* WXScannerVC.m */ = {isa = PBXFileReference; fileEncoding = 4; lastKnownFileType = sourcecode.c.objc; path = WXScannerVC.m; sourceTree = "<group>"; };
		9E8C43DEDF327961AF737801 /* Pods-YTXDTNWBWeexContainerBusinessModule_Example.release.xcconfig */ = {isa = PBXFileReference; includeInIndex = 1; lastKnownFileType = text.xcconfig; name = "Pods-YTXDTNWBWeexContainerBusinessModule_Example.release.xcconfig"; path = "Pods/Target Support Files/Pods-YTXDTNWBWeexContainerBusinessModule_Example/Pods-YTXDTNWBWeexContainerBusinessModule_Example.release.xcconfig"; sourceTree = "<group>"; };
		A1B2B7CDB6B6F45F97CB1CE9 /* Pods-YTXDTNWBWeexContainerBusinessModuleAppExample.release.xcconfig */ = {isa = PBXFileReference; includeInIndex = 1; lastKnownFileType = text.xcconfig; name = "Pods-YTXDTNWBWeexContainerBusinessModuleAppExample.release.xcconfig"; path = "Pods/Target Support Files/Pods-YTXDTNWBWeexContainerBusinessModuleAppExample/Pods-YTXDTNWBWeexContainerBusinessModuleAppExample.release.xcconfig"; sourceTree = "<group>"; };
		B6A5C6F8A21FA2D1BE9AB57E /* README.md */ = {isa = PBXFileReference; includeInIndex = 1; lastKnownFileType = net.daringfireball.markdown; name = README.md; path = ../README.md; sourceTree = "<group>"; };
		BE00D86E8BD6826E2F4FED60 /* Pods_YTXDTNWBWeexContainerBusinessModule_Example.framework */ = {isa = PBXFileReference; explicitFileType = wrapper.framework; includeInIndex = 0; path = Pods_YTXDTNWBWeexContainerBusinessModule_Example.framework; sourceTree = BUILT_PRODUCTS_DIR; };
		C5E72D2E0635BFB211FCCD4C /* YTXDTNWBWeexContainerBusinessModule.podspec */ = {isa = PBXFileReference; includeInIndex = 1; lastKnownFileType = text; name = YTXDTNWBWeexContainerBusinessModule.podspec; path = ../YTXDTNWBWeexContainerBusinessModule.podspec; sourceTree = "<group>"; xcLanguageSpecificationIdentifier = xcode.lang.ruby; };
		DBF00C7F5F7E54D14E447174 /* Pods-YTXDTNWBWeexContainerBusinessModule_Tests.debug.xcconfig */ = {isa = PBXFileReference; includeInIndex = 1; lastKnownFileType = text.xcconfig; name = "Pods-YTXDTNWBWeexContainerBusinessModule_Tests.debug.xcconfig"; path = "Pods/Target Support Files/Pods-YTXDTNWBWeexContainerBusinessModule_Tests/Pods-YTXDTNWBWeexContainerBusinessModule_Tests.debug.xcconfig"; sourceTree = "<group>"; };
		E588B70B2048EAAF00CFDE16 /* YTXDTNWBWeexContainerBusinessModuleAppExample.app */ = {isa = PBXFileReference; explicitFileType = wrapper.application; includeInIndex = 0; path = YTXDTNWBWeexContainerBusinessModuleAppExample.app; sourceTree = BUILT_PRODUCTS_DIR; };
		E588B70D2048EAAF00CFDE16 /* AppDelegate.h */ = {isa = PBXFileReference; lastKnownFileType = sourcecode.c.h; path = AppDelegate.h; sourceTree = "<group>"; };
		E588B70E2048EAAF00CFDE16 /* AppDelegate.m */ = {isa = PBXFileReference; lastKnownFileType = sourcecode.c.objc; path = AppDelegate.m; sourceTree = "<group>"; };
		E588B7102048EAAF00CFDE16 /* ViewController.h */ = {isa = PBXFileReference; lastKnownFileType = sourcecode.c.h; path = ViewController.h; sourceTree = "<group>"; };
		E588B7112048EAAF00CFDE16 /* ViewController.m */ = {isa = PBXFileReference; lastKnownFileType = sourcecode.c.objc; path = ViewController.m; sourceTree = "<group>"; };
		E588B7142048EAB000CFDE16 /* Base */ = {isa = PBXFileReference; lastKnownFileType = file.storyboard; name = Base; path = Base.lproj/Main.storyboard; sourceTree = "<group>"; };
		E588B7162048EAB000CFDE16 /* Assets.xcassets */ = {isa = PBXFileReference; lastKnownFileType = folder.assetcatalog; path = Assets.xcassets; sourceTree = "<group>"; };
		E588B7192048EAB000CFDE16 /* Base */ = {isa = PBXFileReference; lastKnownFileType = file.storyboard; name = Base; path = Base.lproj/LaunchScreen.storyboard; sourceTree = "<group>"; };
		E588B71B2048EAB000CFDE16 /* Info.plist */ = {isa = PBXFileReference; lastKnownFileType = text.plist.xml; path = Info.plist; sourceTree = "<group>"; };
		E588B71C2048EAB000CFDE16 /* main.m */ = {isa = PBXFileReference; lastKnownFileType = sourcecode.c.objc; path = main.m; sourceTree = "<group>"; };
		F28E04C67FF6308FBE03DD2B /* Pods_YTXDTNWBWeexContainerBusinessModule_Tests.framework */ = {isa = PBXFileReference; explicitFileType = wrapper.framework; includeInIndex = 0; path = Pods_YTXDTNWBWeexContainerBusinessModule_Tests.framework; sourceTree = BUILT_PRODUCTS_DIR; };
		F4E780349DA389D930BAAC5A /* Pods-YTXDTNWBWeexContainerBusinessModule_Example.debug.xcconfig */ = {isa = PBXFileReference; includeInIndex = 1; lastKnownFileType = text.xcconfig; name = "Pods-YTXDTNWBWeexContainerBusinessModule_Example.debug.xcconfig"; path = "Pods/Target Support Files/Pods-YTXDTNWBWeexContainerBusinessModule_Example/Pods-YTXDTNWBWeexContainerBusinessModule_Example.debug.xcconfig"; sourceTree = "<group>"; };
		F519CC98165020659A778945 /* Pods-YTXDTNWBWeexContainerBusinessModule_Example.release.xcconfig */ = {isa = PBXFileReference; includeInIndex = 1; lastKnownFileType = text.xcconfig; name = "Pods-YTXDTNWBWeexContainerBusinessModule_Example.release.xcconfig"; path = "Pods/Target Support Files/Pods-YTXDTNWBWeexContainerBusinessModule_Example/Pods-YTXDTNWBWeexContainerBusinessModule_Example.release.xcconfig"; sourceTree = "<group>"; };
		F5A94E0CFAD0038DD348E70D /* Pods-YTXDTNWBWeexContainerBusinessModuleAppExample.debug.xcconfig */ = {isa = PBXFileReference; includeInIndex = 1; lastKnownFileType = text.xcconfig; name = "Pods-YTXDTNWBWeexContainerBusinessModuleAppExample.debug.xcconfig"; path = "Pods/Target Support Files/Pods-YTXDTNWBWeexContainerBusinessModuleAppExample/Pods-YTXDTNWBWeexContainerBusinessModuleAppExample.debug.xcconfig"; sourceTree = "<group>"; };
/* End PBXFileReference section */

/* Begin PBXFrameworksBuildPhase section */
		607FACE21AFB9204008FA782 /* Frameworks */ = {
			isa = PBXFrameworksBuildPhase;
			buildActionMask = 2147483647;
			files = (
			);
			runOnlyForDeploymentPostprocessing = 0;
		};
		E588B7082048EAAF00CFDE16 /* Frameworks */ = {
			isa = PBXFrameworksBuildPhase;
			buildActionMask = 2147483647;
			files = (
				ED0627A991E4E2941F94C09B /* libPods-YTXDTNWBWeexContainerBusinessModuleAppExample.a in Frameworks */,
			);
			runOnlyForDeploymentPostprocessing = 0;
		};
/* End PBXFrameworksBuildPhase section */

/* Begin PBXGroup section */
		294B572A70B08AC5AAAA3573 /* Pods */ = {
			isa = PBXGroup;
			children = (
				F4E780349DA389D930BAAC5A /* Pods-YTXDTNWBWeexContainerBusinessModule_Example.debug.xcconfig */,
				F519CC98165020659A778945 /* Pods-YTXDTNWBWeexContainerBusinessModule_Example.release.xcconfig */,
				803F5B8AED2E7C6A13E6E70D /* Pods-YTXDTNWBWeexContainerBusinessModule_Example.debug.xcconfig */,
				9E8C43DEDF327961AF737801 /* Pods-YTXDTNWBWeexContainerBusinessModule_Example.release.xcconfig */,
				F5A94E0CFAD0038DD348E70D /* Pods-YTXDTNWBWeexContainerBusinessModuleAppExample.debug.xcconfig */,
				A1B2B7CDB6B6F45F97CB1CE9 /* Pods-YTXDTNWBWeexContainerBusinessModuleAppExample.release.xcconfig */,
			);
			name = Pods;
			sourceTree = "<group>";
		};
		607FACC71AFB9204008FA782 = {
			isa = PBXGroup;
			children = (
				607FACF51AFB993E008FA782 /* Podspec Metadata */,
				607FACE81AFB9204008FA782 /* Tests */,
				E588B70C2048EAAF00CFDE16 /* YTXDTNWBWeexContainerBusinessModuleAppExample */,
				607FACD11AFB9204008FA782 /* Products */,
				294B572A70B08AC5AAAA3573 /* Pods */,
				9DC481CAA3C6EF89A62111A4 /* Frameworks */,
				E581865F207EF8200062FD19 /* Recovered References */,
			);
			sourceTree = "<group>";
		};
		607FACD11AFB9204008FA782 /* Products */ = {
			isa = PBXGroup;
			children = (
				607FACE51AFB9204008FA782 /* YTXDTNWBWeexContainerBusinessModule_Tests.xctest */,
				E588B70B2048EAAF00CFDE16 /* YTXDTNWBWeexContainerBusinessModuleAppExample.app */,
			);
			name = Products;
			sourceTree = "<group>";
		};
		607FACE81AFB9204008FA782 /* Tests */ = {
			isa = PBXGroup;
			children = (
				607FACEB1AFB9204008FA782 /* Tests.swift */,
				607FACE91AFB9204008FA782 /* Supporting Files */,
			);
			path = Tests;
			sourceTree = "<group>";
		};
		607FACE91AFB9204008FA782 /* Supporting Files */ = {
			isa = PBXGroup;
			children = (
				607FACEA1AFB9204008FA782 /* Info.plist */,
			);
			name = "Supporting Files";
			sourceTree = "<group>";
		};
		607FACF51AFB993E008FA782 /* Podspec Metadata */ = {
			isa = PBXGroup;
			children = (
				C5E72D2E0635BFB211FCCD4C /* YTXDTNWBWeexContainerBusinessModule.podspec */,
				B6A5C6F8A21FA2D1BE9AB57E /* README.md */,
				57235813A0EB489BC5662E2E /* LICENSE */,
			);
			name = "Podspec Metadata";
			sourceTree = "<group>";
		};
		9DC481CAA3C6EF89A62111A4 /* Frameworks */ = {
			isa = PBXGroup;
			children = (
				1BC5C4A19E6C6B5F5EA3ED46 /* libPods-YTXDTNWBWeexContainerBusinessModuleAppExample.a */,
				603CB915D3040525976EBCB1 /* libPods-YTXDTNWBWeexContainerBusinessModule_Example.a */,
				783AAA722E1B222288B64BEF /* libPods-YTXDTNWBWeexContainerBusinessModule_Tests.a */,
			);
			name = Frameworks;
			sourceTree = "<group>";
		};
		E581865F207EF8200062FD19 /* Recovered References */ = {
			isa = PBXGroup;
			children = (
				BE00D86E8BD6826E2F4FED60 /* Pods_YTXDTNWBWeexContainerBusinessModule_Example.framework */,
				F28E04C67FF6308FBE03DD2B /* Pods_YTXDTNWBWeexContainerBusinessModule_Tests.framework */,
			);
			name = "Recovered References";
			sourceTree = "<group>";
		};
		E588B70C2048EAAF00CFDE16 /* YTXDTNWBWeexContainerBusinessModuleAppExample */ = {
			isa = PBXGroup;
			children = (
				260654B920562AA400B1FBB3 /* YTXDTNWBWeexContainerBusinessModuleAppExample.entitlements */,
				E588B70D2048EAAF00CFDE16 /* AppDelegate.h */,
				E588B70E2048EAAF00CFDE16 /* AppDelegate.m */,
				E588B7102048EAAF00CFDE16 /* ViewController.h */,
				E588B7112048EAAF00CFDE16 /* ViewController.m */,
				82FDA2A5204E9C01005CCE23 /* WXScannerVC.h */,
				82FDA2A6204E9C02005CCE23 /* WXScannerVC.m */,
				E588B7132048EAB000CFDE16 /* Main.storyboard */,
				E588B7162048EAB000CFDE16 /* Assets.xcassets */,
				E588B7182048EAB000CFDE16 /* LaunchScreen.storyboard */,
				E588B71B2048EAB000CFDE16 /* Info.plist */,
				E588B71C2048EAB000CFDE16 /* main.m */,
			);
			path = YTXDTNWBWeexContainerBusinessModuleAppExample;
			sourceTree = "<group>";
		};
/* End PBXGroup section */

/* Begin PBXNativeTarget section */
		607FACE41AFB9204008FA782 /* YTXDTNWBWeexContainerBusinessModule_Tests */ = {
			isa = PBXNativeTarget;
			buildConfigurationList = 607FACF21AFB9204008FA782 /* Build configuration list for PBXNativeTarget "YTXDTNWBWeexContainerBusinessModule_Tests" */;
			buildPhases = (
				607FACE11AFB9204008FA782 /* Sources */,
				607FACE21AFB9204008FA782 /* Frameworks */,
				607FACE31AFB9204008FA782 /* Resources */,
				82EE1CD520514F33005DE251 /* CopyFiles */,
			);
			buildRules = (
			);
			dependencies = (
			);
			name = YTXDTNWBWeexContainerBusinessModule_Tests;
			productName = Tests;
			productReference = 607FACE51AFB9204008FA782 /* YTXDTNWBWeexContainerBusinessModule_Tests.xctest */;
			productType = "com.apple.product-type.bundle.unit-test";
		};
		E588B70A2048EAAF00CFDE16 /* YTXDTNWBWeexContainerBusinessModuleAppExample */ = {
			isa = PBXNativeTarget;
			buildConfigurationList = E588B7202048EAB000CFDE16 /* Build configuration list for PBXNativeTarget "YTXDTNWBWeexContainerBusinessModuleAppExample" */;
			buildPhases = (
				1EDC6407E9C4AAC567B685BB /* [CP] Check Pods Manifest.lock */,
				E588B7072048EAAF00CFDE16 /* Sources */,
				E588B7082048EAAF00CFDE16 /* Frameworks */,
				E588B7092048EAAF00CFDE16 /* Resources */,
				B71553AC633F77791D5DCC14 /* [CP] Copy Pods Resources */,
			);
			buildRules = (
			);
			dependencies = (
			);
			name = YTXDTNWBWeexContainerBusinessModuleAppExample;
			productName = YTXDTNWBWeexContainerBusinessModuleAppExample;
			productReference = E588B70B2048EAAF00CFDE16 /* YTXDTNWBWeexContainerBusinessModuleAppExample.app */;
			productType = "com.apple.product-type.application";
		};
/* End PBXNativeTarget section */

/* Begin PBXProject section */
		607FACC81AFB9204008FA782 /* Project object */ = {
			isa = PBXProject;
			attributes = {
				LastSwiftUpdateCheck = 0720;
				LastUpgradeCheck = 0930;
				ORGANIZATIONNAME = CocoaPods;
				TargetAttributes = {
					607FACE41AFB9204008FA782 = {
						CreatedOnToolsVersion = 6.3.1;
						DevelopmentTeam = G2A2YS256U;
						LastSwiftMigration = 0930;
						TestTargetID = 607FACCF1AFB9204008FA782;
					};
					E588B70A2048EAAF00CFDE16 = {
						CreatedOnToolsVersion = 9.2;
						DevelopmentTeam = G2A2YS256U;
						ProvisioningStyle = Automatic;
						SystemCapabilities = {
							com.apple.Push = {
								enabled = 1;
							};
						};
					};
				};
			};
			buildConfigurationList = 607FACCB1AFB9204008FA782 /* Build configuration list for PBXProject "YTXDTNWBWeexContainerBusinessModule" */;
			compatibilityVersion = "Xcode 3.2";
			developmentRegion = English;
			hasScannedForEncodings = 0;
			knownRegions = (
				en,
				Base,
			);
			mainGroup = 607FACC71AFB9204008FA782;
			productRefGroup = 607FACD11AFB9204008FA782 /* Products */;
			projectDirPath = "";
			projectRoot = "";
			targets = (
				607FACE41AFB9204008FA782 /* YTXDTNWBWeexContainerBusinessModule_Tests */,
				E588B70A2048EAAF00CFDE16 /* YTXDTNWBWeexContainerBusinessModuleAppExample */,
			);
		};
/* End PBXProject section */

/* Begin PBXResourcesBuildPhase section */
		607FACE31AFB9204008FA782 /* Resources */ = {
			isa = PBXResourcesBuildPhase;
			buildActionMask = 2147483647;
			files = (
			);
			runOnlyForDeploymentPostprocessing = 0;
		};
		E588B7092048EAAF00CFDE16 /* Resources */ = {
			isa = PBXResourcesBuildPhase;
			buildActionMask = 2147483647;
			files = (
				E588B71A2048EAB000CFDE16 /* LaunchScreen.storyboard in Resources */,
				E588B7172048EAB000CFDE16 /* Assets.xcassets in Resources */,
				E588B7152048EAB000CFDE16 /* Main.storyboard in Resources */,
			);
			runOnlyForDeploymentPostprocessing = 0;
		};
/* End PBXResourcesBuildPhase section */

/* Begin PBXShellScriptBuildPhase section */
		1EDC6407E9C4AAC567B685BB /* [CP] Check Pods Manifest.lock */ = {
			isa = PBXShellScriptBuildPhase;
			buildActionMask = 2147483647;
			files = (
			);
			inputPaths = (
				"${PODS_PODFILE_DIR_PATH}/Podfile.lock",
				"${PODS_ROOT}/Manifest.lock",
			);
			name = "[CP] Check Pods Manifest.lock";
			outputPaths = (
				"$(DERIVED_FILE_DIR)/Pods-YTXDTNWBWeexContainerBusinessModuleAppExample-checkManifestLockResult.txt",
			);
			runOnlyForDeploymentPostprocessing = 0;
			shellPath = /bin/sh;
			shellScript = "diff \"${PODS_PODFILE_DIR_PATH}/Podfile.lock\" \"${PODS_ROOT}/Manifest.lock\" > /dev/null\nif [ $? != 0 ] ; then\n    # print error to STDERR\n    echo \"error: The sandbox is not in sync with the Podfile.lock. Run 'pod install' or update your CocoaPods installation.\" >&2\n    exit 1\nfi\n# This output is used by Xcode 'outputs' to avoid re-running this script phase.\necho \"SUCCESS\" > \"${SCRIPT_OUTPUT_FILE_0}\"\n";
			showEnvVarsInLog = 0;
		};
		B71553AC633F77791D5DCC14 /* [CP] Copy Pods Resources */ = {
			isa = PBXShellScriptBuildPhase;
			buildActionMask = 2147483647;
			files = (
			);
			inputPaths = (
				"${SRCROOT}/Pods/Target Support Files/Pods-YTXDTNWBWeexContainerBusinessModuleAppExample/Pods-YTXDTNWBWeexContainerBusinessModuleAppExample-resources.sh",
				"${PODS_ROOT}/WeexSDK/pre-build/native-bundle-main.js",
				"${PODS_ROOT}/WeexSDK/ios/sdk/WeexSDK/Resources/wx_load_error@3x.png",
				"${PODS_CONFIGURATION_BUILD_DIR}/YTXDTNWBWeexContainerBusinessModule/YTXDTNWBWeexContainerBusinessModule.bundle",
			);
			name = "[CP] Copy Pods Resources";
			outputPaths = (
				"${TARGET_BUILD_DIR}/${UNLOCALIZED_RESOURCES_FOLDER_PATH}/native-bundle-main.js",
				"${TARGET_BUILD_DIR}/${UNLOCALIZED_RESOURCES_FOLDER_PATH}/wx_load_error@3x.png",
				"${TARGET_BUILD_DIR}/${UNLOCALIZED_RESOURCES_FOLDER_PATH}/YTXDTNWBWeexContainerBusinessModule.bundle",
			);
			runOnlyForDeploymentPostprocessing = 0;
			shellPath = /bin/sh;
			shellScript = "\"${SRCROOT}/Pods/Target Support Files/Pods-YTXDTNWBWeexContainerBusinessModuleAppExample/Pods-YTXDTNWBWeexContainerBusinessModuleAppExample-resources.sh\"\n";
			showEnvVarsInLog = 0;
		};
/* End PBXShellScriptBuildPhase section */

/* Begin PBXSourcesBuildPhase section */
		607FACE11AFB9204008FA782 /* Sources */ = {
			isa = PBXSourcesBuildPhase;
			buildActionMask = 2147483647;
			files = (
				607FACEC1AFB9204008FA782 /* Tests.swift in Sources */,
			);
			runOnlyForDeploymentPostprocessing = 0;
		};
		E588B7072048EAAF00CFDE16 /* Sources */ = {
			isa = PBXSourcesBuildPhase;
			buildActionMask = 2147483647;
			files = (
				E588B7122048EAAF00CFDE16 /* ViewController.m in Sources */,
				E588B71D2048EAB000CFDE16 /* main.m in Sources */,
				82FDA2A7204E9C02005CCE23 /* WXScannerVC.m in Sources */,
				E588B70F2048EAAF00CFDE16 /* AppDelegate.m in Sources */,
			);
			runOnlyForDeploymentPostprocessing = 0;
		};
/* End PBXSourcesBuildPhase section */

/* Begin PBXVariantGroup section */
		E588B7132048EAB000CFDE16 /* Main.storyboard */ = {
			isa = PBXVariantGroup;
			children = (
				E588B7142048EAB000CFDE16 /* Base */,
			);
			name = Main.storyboard;
			sourceTree = "<group>";
		};
		E588B7182048EAB000CFDE16 /* LaunchScreen.storyboard */ = {
			isa = PBXVariantGroup;
			children = (
				E588B7192048EAB000CFDE16 /* Base */,
			);
			name = LaunchScreen.storyboard;
			sourceTree = "<group>";
		};
/* End PBXVariantGroup section */

/* Begin XCBuildConfiguration section */
		607FACED1AFB9204008FA782 /* Debug */ = {
			isa = XCBuildConfiguration;
			buildSettings = {
				ALWAYS_SEARCH_USER_PATHS = NO;
				CLANG_CXX_LANGUAGE_STANDARD = "gnu++0x";
				CLANG_CXX_LIBRARY = "libc++";
				CLANG_ENABLE_MODULES = YES;
				CLANG_ENABLE_OBJC_ARC = YES;
				CLANG_WARN_BLOCK_CAPTURE_AUTORELEASING = YES;
				CLANG_WARN_BOOL_CONVERSION = YES;
				CLANG_WARN_COMMA = YES;
				CLANG_WARN_CONSTANT_CONVERSION = YES;
				CLANG_WARN_DEPRECATED_OBJC_IMPLEMENTATIONS = YES;
				CLANG_WARN_DIRECT_OBJC_ISA_USAGE = YES_ERROR;
				CLANG_WARN_EMPTY_BODY = YES;
				CLANG_WARN_ENUM_CONVERSION = YES;
				CLANG_WARN_INFINITE_RECURSION = YES;
				CLANG_WARN_INT_CONVERSION = YES;
				CLANG_WARN_NON_LITERAL_NULL_CONVERSION = YES;
				CLANG_WARN_OBJC_IMPLICIT_RETAIN_SELF = YES;
				CLANG_WARN_OBJC_LITERAL_CONVERSION = YES;
				CLANG_WARN_OBJC_ROOT_CLASS = YES_ERROR;
				CLANG_WARN_RANGE_LOOP_ANALYSIS = YES;
				CLANG_WARN_STRICT_PROTOTYPES = YES;
				CLANG_WARN_SUSPICIOUS_MOVE = YES;
				CLANG_WARN_UNREACHABLE_CODE = YES;
				CLANG_WARN__DUPLICATE_METHOD_MATCH = YES;
				"CODE_SIGN_IDENTITY[sdk=iphoneos*]" = "iPhone Developer";
				COPY_PHASE_STRIP = NO;
				DEBUG_INFORMATION_FORMAT = "dwarf-with-dsym";
				ENABLE_STRICT_OBJC_MSGSEND = YES;
				ENABLE_TESTABILITY = YES;
				GCC_C_LANGUAGE_STANDARD = gnu99;
				GCC_DYNAMIC_NO_PIC = NO;
				GCC_NO_COMMON_BLOCKS = YES;
				GCC_OPTIMIZATION_LEVEL = 0;
				GCC_PREPROCESSOR_DEFINITIONS = (
					"DEBUG=1",
					"$(inherited)",
				);
				GCC_SYMBOLS_PRIVATE_EXTERN = NO;
				GCC_WARN_64_TO_32_BIT_CONVERSION = YES;
				GCC_WARN_ABOUT_RETURN_TYPE = YES_ERROR;
				GCC_WARN_UNDECLARED_SELECTOR = YES;
				GCC_WARN_UNINITIALIZED_AUTOS = YES_AGGRESSIVE;
				GCC_WARN_UNUSED_FUNCTION = YES;
				GCC_WARN_UNUSED_VARIABLE = YES;
				IPHONEOS_DEPLOYMENT_TARGET = 9.0;
				MTL_ENABLE_DEBUG_INFO = YES;
				ONLY_ACTIVE_ARCH = YES;
				SDKROOT = iphoneos;
				SWIFT_OPTIMIZATION_LEVEL = "-Onone";
			};
			name = Debug;
		};
		607FACEE1AFB9204008FA782 /* Release */ = {
			isa = XCBuildConfiguration;
			buildSettings = {
				ALWAYS_SEARCH_USER_PATHS = NO;
				CLANG_CXX_LANGUAGE_STANDARD = "gnu++0x";
				CLANG_CXX_LIBRARY = "libc++";
				CLANG_ENABLE_MODULES = YES;
				CLANG_ENABLE_OBJC_ARC = YES;
				CLANG_WARN_BLOCK_CAPTURE_AUTORELEASING = YES;
				CLANG_WARN_BOOL_CONVERSION = YES;
				CLANG_WARN_COMMA = YES;
				CLANG_WARN_CONSTANT_CONVERSION = YES;
				CLANG_WARN_DEPRECATED_OBJC_IMPLEMENTATIONS = YES;
				CLANG_WARN_DIRECT_OBJC_ISA_USAGE = YES_ERROR;
				CLANG_WARN_EMPTY_BODY = YES;
				CLANG_WARN_ENUM_CONVERSION = YES;
				CLANG_WARN_INFINITE_RECURSION = YES;
				CLANG_WARN_INT_CONVERSION = YES;
				CLANG_WARN_NON_LITERAL_NULL_CONVERSION = YES;
				CLANG_WARN_OBJC_IMPLICIT_RETAIN_SELF = YES;
				CLANG_WARN_OBJC_LITERAL_CONVERSION = YES;
				CLANG_WARN_OBJC_ROOT_CLASS = YES_ERROR;
				CLANG_WARN_RANGE_LOOP_ANALYSIS = YES;
				CLANG_WARN_STRICT_PROTOTYPES = YES;
				CLANG_WARN_SUSPICIOUS_MOVE = YES;
				CLANG_WARN_UNREACHABLE_CODE = YES;
				CLANG_WARN__DUPLICATE_METHOD_MATCH = YES;
				"CODE_SIGN_IDENTITY[sdk=iphoneos*]" = "iPhone Developer";
				COPY_PHASE_STRIP = NO;
				DEBUG_INFORMATION_FORMAT = "dwarf-with-dsym";
				ENABLE_NS_ASSERTIONS = NO;
				ENABLE_STRICT_OBJC_MSGSEND = YES;
				GCC_C_LANGUAGE_STANDARD = gnu99;
				GCC_NO_COMMON_BLOCKS = YES;
				GCC_WARN_64_TO_32_BIT_CONVERSION = YES;
				GCC_WARN_ABOUT_RETURN_TYPE = YES_ERROR;
				GCC_WARN_UNDECLARED_SELECTOR = YES;
				GCC_WARN_UNINITIALIZED_AUTOS = YES_AGGRESSIVE;
				GCC_WARN_UNUSED_FUNCTION = YES;
				GCC_WARN_UNUSED_VARIABLE = YES;
				IPHONEOS_DEPLOYMENT_TARGET = 9.0;
				MTL_ENABLE_DEBUG_INFO = NO;
				SDKROOT = iphoneos;
				SWIFT_OPTIMIZATION_LEVEL = "-Owholemodule";
				VALIDATE_PRODUCT = YES;
			};
			name = Release;
		};
		607FACF31AFB9204008FA782 /* Debug */ = {
			isa = XCBuildConfiguration;
			buildSettings = {
				CODE_SIGN_IDENTITY = "iPhone Developer";
				DEVELOPMENT_TEAM = G2A2YS256U;
				FRAMEWORK_SEARCH_PATHS = (
					"$(SDKROOT)/Developer/Library/Frameworks",
					"$(inherited)",
				);
				GCC_PREPROCESSOR_DEFINITIONS = (
					"DEBUG=1",
					"$(inherited)",
					"GPB_USE_PROTOBUF_FRAMEWORK_IMPORTS=1",
				);
				GPB_USE_PROTOBUF_FRAMEWORK_IMPORTS = 1;
				INFOPLIST_FILE = Tests/Info.plist;
				LD_RUNPATH_SEARCH_PATHS = "$(inherited) @executable_path/Frameworks @loader_path/Frameworks";
				PRODUCT_BUNDLE_IDENTIFIER = "org.cocoapods.$(PRODUCT_NAME:rfc1034identifier)";
				PRODUCT_NAME = "$(TARGET_NAME)";
				SWIFT_VERSION = 3.0;
			};
			name = Debug;
		};
		607FACF41AFB9204008FA782 /* Release */ = {
			isa = XCBuildConfiguration;
			buildSettings = {
				CODE_SIGN_IDENTITY = "iPhone Developer";
				DEVELOPMENT_TEAM = G2A2YS256U;
				FRAMEWORK_SEARCH_PATHS = (
					"$(SDKROOT)/Developer/Library/Frameworks",
					"$(inherited)",
				);
				GCC_PREPROCESSOR_DEFINITIONS = (
					"$(inherited)",
					"COCOAPODS=1",
					"GPB_USE_PROTOBUF_FRAMEWORK_IMPORTS=1",
				);
				GPB_USE_PROTOBUF_FRAMEWORK_IMPORTS = 1;
				INFOPLIST_FILE = Tests/Info.plist;
				LD_RUNPATH_SEARCH_PATHS = "$(inherited) @executable_path/Frameworks @loader_path/Frameworks";
				PRODUCT_BUNDLE_IDENTIFIER = "org.cocoapods.$(PRODUCT_NAME:rfc1034identifier)";
				PRODUCT_NAME = "$(TARGET_NAME)";
				SWIFT_VERSION = 3.0;
			};
			name = Release;
		};
		E588B71E2048EAB000CFDE16 /* Debug */ = {
			isa = XCBuildConfiguration;
			baseConfigurationReference = F5A94E0CFAD0038DD348E70D /* Pods-YTXDTNWBWeexContainerBusinessModuleAppExample.debug.xcconfig */;
			buildSettings = {
				ALWAYS_EMBED_SWIFT_STANDARD_LIBRARIES = YES;
				ASSETCATALOG_COMPILER_APPICON_NAME = AppIcon;
				CLANG_ANALYZER_NONNULL = YES;
				CLANG_ANALYZER_NUMBER_OBJECT_CONVERSION = YES_AGGRESSIVE;
				CLANG_CXX_LANGUAGE_STANDARD = "gnu++14";
				CLANG_WARN_BLOCK_CAPTURE_AUTORELEASING = YES;
				CLANG_WARN_COMMA = YES;
				CLANG_WARN_DOCUMENTATION_COMMENTS = YES;
				CLANG_WARN_NON_LITERAL_NULL_CONVERSION = YES;
				CLANG_WARN_OBJC_LITERAL_CONVERSION = YES;
				CLANG_WARN_RANGE_LOOP_ANALYSIS = YES;
				CLANG_WARN_STRICT_PROTOTYPES = YES;
				CLANG_WARN_UNGUARDED_AVAILABILITY = YES_AGGRESSIVE;
				CODE_SIGN_ENTITLEMENTS = YTXDTNWBWeexContainerBusinessModuleAppExample/YTXDTNWBWeexContainerBusinessModuleAppExample.entitlements;
				CODE_SIGN_IDENTITY = "iPhone Developer";
				CODE_SIGN_STYLE = Automatic;
				DEBUG_INFORMATION_FORMAT = dwarf;
				DEVELOPMENT_TEAM = G2A2YS256U;
				ENABLE_BITCODE = NO;
				GCC_C_LANGUAGE_STANDARD = gnu11;
				GPB_USE_PROTOBUF_FRAMEWORK_IMPORTS = 1;
				INFOPLIST_FILE = YTXDTNWBWeexContainerBusinessModuleAppExample/Info.plist;
				IPHONEOS_DEPLOYMENT_TARGET = 9.0;
				LD_RUNPATH_SEARCH_PATHS = "$(inherited) @executable_path/Frameworks";
				PRODUCT_BUNDLE_IDENTIFIER = cn.com.sina.ggt.ggtapp1;
				PRODUCT_NAME = "$(TARGET_NAME)";
				TARGETED_DEVICE_FAMILY = 1;
				VALID_ARCHS = "arm64 armv7 armv7s";
			};
			name = Debug;
		};
		E588B71F2048EAB000CFDE16 /* Release */ = {
			isa = XCBuildConfiguration;
			baseConfigurationReference = A1B2B7CDB6B6F45F97CB1CE9 /* Pods-YTXDTNWBWeexContainerBusinessModuleAppExample.release.xcconfig */;
			buildSettings = {
				ALWAYS_EMBED_SWIFT_STANDARD_LIBRARIES = YES;
				ASSETCATALOG_COMPILER_APPICON_NAME = AppIcon;
				CLANG_ANALYZER_NONNULL = YES;
				CLANG_ANALYZER_NUMBER_OBJECT_CONVERSION = YES_AGGRESSIVE;
				CLANG_CXX_LANGUAGE_STANDARD = "gnu++14";
				CLANG_WARN_BLOCK_CAPTURE_AUTORELEASING = YES;
				CLANG_WARN_COMMA = YES;
				CLANG_WARN_DOCUMENTATION_COMMENTS = YES;
				CLANG_WARN_NON_LITERAL_NULL_CONVERSION = YES;
				CLANG_WARN_OBJC_LITERAL_CONVERSION = YES;
				CLANG_WARN_RANGE_LOOP_ANALYSIS = YES;
				CLANG_WARN_STRICT_PROTOTYPES = YES;
				CLANG_WARN_UNGUARDED_AVAILABILITY = YES_AGGRESSIVE;
				CODE_SIGN_ENTITLEMENTS = YTXDTNWBWeexContainerBusinessModuleAppExample/YTXDTNWBWeexContainerBusinessModuleAppExample.entitlements;
				CODE_SIGN_IDENTITY = "iPhone Developer";
				CODE_SIGN_STYLE = Automatic;
				DEVELOPMENT_TEAM = G2A2YS256U;
				ENABLE_BITCODE = NO;
				GCC_C_LANGUAGE_STANDARD = gnu11;
				GPB_USE_PROTOBUF_FRAMEWORK_IMPORTS = 1;
				INFOPLIST_FILE = YTXDTNWBWeexContainerBusinessModuleAppExample/Info.plist;
				IPHONEOS_DEPLOYMENT_TARGET = 9.0;
				LD_RUNPATH_SEARCH_PATHS = "$(inherited) @executable_path/Frameworks";
				PRODUCT_BUNDLE_IDENTIFIER = cn.com.sina.ggt.ggtapp1;
				PRODUCT_NAME = "$(TARGET_NAME)";
				TARGETED_DEVICE_FAMILY = 1;
				VALID_ARCHS = "arm64 armv7 armv7s";
			};
			name = Release;
		};
/* End XCBuildConfiguration section */

/* Begin XCConfigurationList section */
		607FACCB1AFB9204008FA782 /* Build configuration list for PBXProject "YTXDTNWBWeexContainerBusinessModule" */ = {
			isa = XCConfigurationList;
			buildConfigurations = (
				607FACED1AFB9204008FA782 /* Debug */,
				607FACEE1AFB9204008FA782 /* Release */,
			);
			defaultConfigurationIsVisible = 0;
			defaultConfigurationName = Release;
		};
		607FACF21AFB9204008FA782 /* Build configuration list for PBXNativeTarget "YTXDTNWBWeexContainerBusinessModule_Tests" */ = {
			isa = XCConfigurationList;
			buildConfigurations = (
				607FACF31AFB9204008FA782 /* Debug */,
				607FACF41AFB9204008FA782 /* Release */,
			);
			defaultConfigurationIsVisible = 0;
			defaultConfigurationName = Release;
		};
		E588B7202048EAB000CFDE16 /* Build configuration list for PBXNativeTarget "YTXDTNWBWeexContainerBusinessModuleAppExample" */ = {
			isa = XCConfigurationList;
			buildConfigurations = (
				E588B71E2048EAB000CFDE16 /* Debug */,
				E588B71F2048EAB000CFDE16 /* Release */,
			);
			defaultConfigurationIsVisible = 0;
			defaultConfigurationName = Release;
		};
/* End XCConfigurationList section */
	};
	rootObject = 607FACC81AFB9204008FA782 /* Project object */;
}
